
Microsoft Visual Studio Solution File, Format Version 12.00
# Visual Studio Version 16
VisualStudioVersion = 16.0.32106.194
MinimumVisualStudioVersion = 10.0.40219.1
Project("{FAE04EC0-301F-11D3-BF4B-00C04F79EFBC}") = "XF2_443_Q3.UWP", "XF2_443_Q3.UWP\XF2_443_Q3.UWP.csproj", "{2A429AF8-277B-4395-B627-D12BA16654D7}"
EndProject
Project("{FAE04EC0-301F-11D3-BF4B-00C04F79EFBC}") = "XF2_443_Q3.Android", "XF2_443_Q3.Android\XF2_443_Q3.Android.csproj", "{44CD04D0-A94D-4121-8920-135A4ECA5681}"
EndProject
Project("{FAE04EC0-301F-11D3-BF4B-00C04F79EFBC}") = "XF2_443_Q3.iOS", "XF2_443_Q3.iOS\XF2_443_Q3.iOS.csproj", "{B669B135-8504-4906-AC56-93BAE97362CC}"
EndProject
Project("{FAE04EC0-301F-11D3-BF4B-00C04F79EFBC}") = "XF2_443_Q3", "XF2_443_Q3\XF2_443_Q3.csproj", "{DBDD4275-CE07-4192-BAEE-C4B8A15B502E}"
EndProject
Global
	GlobalSection(SolutionConfigurationPlatforms) = preSolution
		Debug|Any CPU = Debug|Any CPU
		Debug|ARM = Debug|ARM
		Debug|iPhone = Debug|iPhone
		Debug|iPhoneSimulator = Debug|iPhoneSimulator
		Debug|x64 = Debug|x64
		Debug|x86 = Debug|x86
		Release|Any CPU = Release|Any CPU
		Release|ARM = Release|ARM
		Release|iPhone = Release|iPhone
		Release|iPhoneSimulator = Release|iPhoneSimulator
		Release|x64 = Release|x64
		Release|x86 = Release|x86
	EndGlobalSection
	GlobalSection(ProjectConfigurationPlatforms) = postSolution
		{2A429AF8-277B-4395-B627-D12BA16654D7}.Debug|Any CPU.ActiveCfg = Debug|x86
		{2A429AF8-277B-4395-B627-D12BA16654D7}.Debug|Any CPU.Build.0 = Debug|x86
		{2A429AF8-277B-4395-B627-D12BA16654D7}.Debug|Any CPU.Deploy.0 = Debug|x86
		{2A429AF8-277B-4395-B627-D12BA16654D7}.Debug|ARM.ActiveCfg = Debug|ARM
		{2A429AF8-277B-4395-B627-D12BA16654D7}.Debug|ARM.Build.0 = Debug|ARM
		{2A429AF8-277B-4395-B627-D12BA16654D7}.Debug|ARM.Deploy.0 = Debug|ARM
		{2A429AF8-277B-4395-B627-D12BA16654D7}.Debug|iPhone.ActiveCfg = Debug|x86
		{2A429AF8-277B-4395-B627-D12BA16654D7}.Debug|iPhone.Build.0 = Debug|x86
		{2A429AF8-277B-4395-B627-D12BA16654D7}.Debug|iPhone.Deploy.0 = Debug|x86
		{2A429AF8-277B-4395-B627-D12BA16654D7}.Debug|iPhoneSimulator.ActiveCfg = Debug|x86
		{2A429AF8-277B-4395-B627-D12BA16654D7}.Debug|iPhoneSimulator.Build.0 = Debug|x86
		{2A429AF8-277B-4395-B627-D12BA16654D7}.Debug|iPhoneSimulator.Deploy.0 = Debug|x86
		{2A429AF8-277B-4395-B627-D12BA16654D7}.Debug|x64.ActiveCfg = Debug|x64
		{2A429AF8-277B-4395-B627-D12BA16654D7}.Debug|x64.Build.0 = Debug|x64
		{2A429AF8-277B-4395-B627-D12BA16654D7}.Debug|x64.Deploy.0 = Debug|x64
		{2A429AF8-277B-4395-B627-D12BA16654D7}.Debug|x86.ActiveCfg = Debug|x86
		{2A429AF8-277B-4395-B627-D12BA16654D7}.Debug|x86.Build.0 = Debug|x86
		{2A429AF8-277B-4395-B627-D12BA16654D7}.Debug|x86.Deploy.0 = Debug|x86
		{2A429AF8-277B-4395-B627-D12BA16654D7}.Release|Any CPU.ActiveCfg = Release|x86
		{2A429AF8-277B-4395-B627-D12BA16654D7}.Release|Any CPU.Build.0 = Release|x86
		{2A429AF8-277B-4395-B627-D12BA16654D7}.Release|Any CPU.Deploy.0 = Release|x86
		{2A429AF8-277B-4395-B627-D12BA16654D7}.Release|ARM.ActiveCfg = Release|ARM
		{2A429AF8-277B-4395-B627-D12BA16654D7}.Release|ARM.Build.0 = Release|ARM
		{2A429AF8-277B-4395-B627-D12BA16654D7}.Release|ARM.Deploy.0 = Release|ARM
		{2A429AF8-277B-4395-B627-D12BA16654D7}.Release|iPhone.ActiveCfg = Release|x86
		{2A429AF8-277B-4395-B627-D12BA16654D7}.Release|iPhone.Build.0 = Release|x86
		{2A429AF8-277B-4395-B627-D12BA16654D7}.Release|iPhone.Deploy.0 = Release|x86
		{2A429AF8-277B-4395-B627-D12BA16654D7}.Release|iPhoneSimulator.ActiveCfg = Release|x86
		{2A429AF8-277B-4395-B627-D12BA16654D7}.Release|iPhoneSimulator.Build.0 = Release|x86
		{2A429AF8-277B-4395-B627-D12BA16654D7}.Release|iPhoneSimulator.Deploy.0 = Release|x86
		{2A429AF8-277B-4395-B627-D12BA16654D7}.Release|x64.ActiveCfg = Release|x64
		{2A429AF8-277B-4395-B627-D12BA16654D7}.Release|x64.Build.0 = Release|x64
		{2A429AF8-277B-4395-B627-D12BA16654D7}.Release|x64.Deploy.0 = Release|x64
		{2A429AF8-277B-4395-B627-D12BA16654D7}.Release|x86.ActiveCfg = Release|x86
		{2A429AF8-277B-4395-B627-D12BA16654D7}.Release|x86.Build.0 = Release|x86
		{2A429AF8-277B-4395-B627-D12BA16654D7}.Release|x86.Deploy.0 = Release|x86
		{44CD04D0-A94D-4121-8920-135A4ECA5681}.Debug|Any CPU.ActiveCfg = Debug|Any CPU
		{44CD04D0-A94D-4121-8920-135A4ECA5681}.Debug|Any CPU.Build.0 = Debug|Any CPU
		{44CD04D0-A94D-4121-8920-135A4ECA5681}.Debug|Any CPU.Deploy.0 = Debug|Any CPU
		{44CD04D0-A94D-4121-8920-135A4ECA5681}.Debug|ARM.ActiveCfg = Debug|Any CPU
		{44CD04D0-A94D-4121-8920-135A4ECA5681}.Debug|ARM.Build.0 = Debug|Any CPU
		{44CD04D0-A94D-4121-8920-135A4ECA5681}.Debug|ARM.Deploy.0 = Debug|Any CPU
		{44CD04D0-A94D-4121-8920-135A4ECA5681}.Debug|iPhone.ActiveCfg = Debug|Any CPU
		{44CD04D0-A94D-4121-8920-135A4ECA5681}.Debug|iPhone.Build.0 = Debug|Any CPU
		{44CD04D0-A94D-4121-8920-135A4ECA5681}.Debug|iPhone.Deploy.0 = Debug|Any CPU
		{44CD04D0-A94D-4121-8920-135A4ECA5681}.Debug|iPhoneSimulator.ActiveCfg = Debug|Any CPU
		{44CD04D0-A94D-4121-8920-135A4ECA5681}.Debug|iPhoneSimulator.Build.0 = Debug|Any CPU
		{44CD04D0-A94D-4121-8920-135A4ECA5681}.Debug|iPhoneSimulator.Deploy.0 = Debug|Any CPU
		{44CD04D0-A94D-4121-8920-135A4ECA5681}.Debug|x64.ActiveCfg = Debug|Any CPU
		{44CD04D0-A94D-4121-8920-135A4ECA5681}.Debug|x64.Build.0 = Debug|Any CPU
		{44CD04D0-A94D-4121-8920-135A4ECA5681}.Debug|x64.Deploy.0 = Debug|Any CPU
		{44CD04D0-A94D-4121-8920-135A4ECA5681}.Debug|x86.ActiveCfg = Debug|Any CPU
		{44CD04D0-A94D-4121-8920-135A4ECA5681}.Debug|x86.Build.0 = Debug|Any CPU
		{44CD04D0-A94D-4121-8920-135A4ECA5681}.Debug|x86.Deploy.0 = Debug|Any CPU
		{44CD04D0-A94D-4121-8920-135A4ECA5681}.Release|Any CPU.ActiveCfg = Release|Any CPU
		{44CD04D0-A94D-4121-8920-135A4ECA5681}.Release|Any CPU.Build.0 = Release|Any CPU
		{44CD04D0-A94D-4121-8920-135A4ECA5681}.Release|Any CPU.Deploy.0 = Release|Any CPU
		{44CD04D0-A94D-4121-8920-135A4ECA5681}.Release|ARM.ActiveCfg = Release|Any CPU
		{44CD04D0-A94D-4121-8920-135A4ECA5681}.Release|ARM.Build.0 = Release|Any CPU
		{44CD04D0-A94D-4121-8920-135A4ECA5681}.Release|ARM.Deploy.0 = Release|Any CPU
		{44CD04D0-A94D-4121-8920-135A4ECA5681}.Release|iPhone.ActiveCfg = Release|Any CPU
		{44CD04D0-A94D-4121-8920-135A4ECA5681}.Release|iPhone.Build.0 = Release|Any CPU
		{44CD04D0-A94D-4121-8920-135A4ECA5681}.Release|iPhone.Deploy.0 = Release|Any CPU
		{44CD04D0-A94D-4121-8920-135A4ECA5681}.Release|iPhoneSimulator.ActiveCfg = Release|Any CPU
		{44CD04D0-A94D-4121-8920-135A4ECA5681}.Release|iPhoneSimulator.Build.0 = Release|Any CPU
		{44CD04D0-A94D-4121-8920-135A4ECA5681}.Release|iPhoneSimulator.Deploy.0 = Release|Any CPU
		{44CD04D0-A94D-4121-8920-135A4ECA5681}.Release|x64.ActiveCfg = Release|Any CPU
		{44CD04D0-A94D-4121-8920-135A4ECA5681}.Release|x64.Build.0 = Release|Any CPU
		{44CD04D0-A94D-4121-8920-135A4ECA5681}.Release|x64.Deploy.0 = Release|Any CPU
		{44CD04D0-A94D-4121-8920-135A4ECA5681}.Release|x86.ActiveCfg = Release|Any CPU
		{44CD04D0-A94D-4121-8920-135A4ECA5681}.Release|x86.Build.0 = Release|Any CPU
		{44CD04D0-A94D-4121-8920-135A4ECA5681}.Release|x86.Deploy.0 = Release|Any CPU
		{B669B135-8504-4906-AC56-93BAE97362CC}.Debug|Any CPU.ActiveCfg = Debug|iPhoneSimulator
		{B669B135-8504-4906-AC56-93BAE97362CC}.Debug|Any CPU.Build.0 = Debug|iPhoneSimulator
		{B669B135-8504-4906-AC56-93BAE97362CC}.Debug|Any CPU.Deploy.0 = Debug|iPhoneSimulator
		{B669B135-8504-4906-AC56-93BAE97362CC}.Debug|ARM.ActiveCfg = Debug|iPhone
		{B669B135-8504-4906-AC56-93BAE97362CC}.Debug|ARM.Build.0 = Debug|iPhone
		{B669B135-8504-4906-AC56-93BAE97362CC}.Debug|ARM.Deploy.0 = Debug|iPhone
		{B669B135-8504-4906-AC56-93BAE97362CC}.Debug|iPhone.ActiveCfg = Debug|iPhone
		{B669B135-8504-4906-AC56-93BAE97362CC}.Debug|iPhone.Build.0 = Debug|iPhone
		{B669B135-8504-4906-AC56-93BAE97362CC}.Debug|iPhone.Deploy.0 = Debug|iPhone
		{B669B135-8504-4906-AC56-93BAE97362CC}.Debug|iPhoneSimulator.ActiveCfg = Debug|iPhoneSimulator
		{B669B135-8504-4906-AC56-93BAE97362CC}.Debug|iPhoneSimulator.Build.0 = Debug|iPhoneSimulator
		{B669B135-8504-4906-AC56-93BAE97362CC}.Debug|iPhoneSimulator.Deploy.0 = Debug|iPhoneSimulator
		{B669B135-8504-4906-AC56-93BAE97362CC}.Debug|x64.ActiveCfg = Debug|iPhoneSimulator
		{B669B135-8504-4906-AC56-93BAE97362CC}.Debug|x64.Build.0 = Debug|iPhoneSimulator
		{B669B135-8504-4906-AC56-93BAE97362CC}.Debug|x64.Deploy.0 = Debug|iPhoneSimulator
		{B669B135-8504-4906-AC56-93BAE97362CC}.Debug|x86.ActiveCfg = Debug|iPhoneSimulator
		{B669B135-8504-4906-AC56-93BAE97362CC}.Debug|x86.Build.0 = Debug|iPhoneSimulator
		{B669B135-8504-4906-AC56-93BAE97362CC}.Debug|x86.Deploy.0 = Debug|iPhoneSimulator
		{B669B135-8504-4906-AC56-93BAE97362CC}.Release|Any CPU.ActiveCfg = Release|iPhoneSimulator
		{B669B135-8504-4906-AC56-93BAE97362CC}.Release|Any CPU.Build.0 = Release|iPhoneSimulator
		{B669B135-8504-4906-AC56-93BAE97362CC}.Release|Any CPU.Deploy.0 = Release|iPhoneSimulator
		{B669B135-8504-4906-AC56-93BAE97362CC}.Release|ARM.ActiveCfg = Release|iPhoneSimulator
		{B669B135-8504-4906-AC56-93BAE97362CC}.Release|ARM.Build.0 = Release|iPhoneSimulator
		{B669B135-8504-4906-AC56-93BAE97362CC}.Release|ARM.Deploy.0 = Release|iPhoneSimulator
		{B669B135-8504-4906-AC56-93BAE97362CC}.Release|iPhone.ActiveCfg = Release|iPhone
		{B669B135-8504-4906-AC56-93BAE97362CC}.Release|iPhone.Build.0 = Release|iPhone
		{B669B135-8504-4906-AC56-93BAE97362CC}.Release|iPhone.Deploy.0 = Release|iPhone
		{B669B135-8504-4906-AC56-93BAE97362CC}.Release|iPhoneSimulator.ActiveCfg = Release|iPhoneSimulator
		{B669B135-8504-4906-AC56-93BAE97362CC}.Release|iPhoneSimulator.Build.0 = Release|iPhoneSimulator
		{B669B135-8504-4906-AC56-93BAE97362CC}.Release|iPhoneSimulator.Deploy.0 = Release|iPhoneSimulator
		{B669B135-8504-4906-AC56-93BAE97362CC}.Release|x64.ActiveCfg = Release|iPhoneSimulator
		{B669B135-8504-4906-AC56-93BAE97362CC}.Release|x64.Build.0 = Release|iPhoneSimulator
		{B669B135-8504-4906-AC56-93BAE97362CC}.Release|x64.Deploy.0 = Release|iPhoneSimulator
		{B669B135-8504-4906-AC56-93BAE97362CC}.Release|x86.ActiveCfg = Release|iPhoneSimulator
		{B669B135-8504-4906-AC56-93BAE97362CC}.Release|x86.Build.0 = Release|iPhoneSimulator
		{B669B135-8504-4906-AC56-93BAE97362CC}.Release|x86.Deploy.0 = Release|iPhoneSimulator
		{DBDD4275-CE07-4192-BAEE-C4B8A15B502E}.Debug|Any CPU.ActiveCfg = Debug|Any CPU
		{DBDD4275-CE07-4192-BAEE-C4B8A15B502E}.Debug|Any CPU.Build.0 = Debug|Any CPU
		{DBDD4275-CE07-4192-BAEE-C4B8A15B502E}.Debug|Any CPU.Deploy.0 = Debug|Any CPU
		{DBDD4275-CE07-4192-BAEE-C4B8A15B502E}.Debug|ARM.ActiveCfg = Debug|Any CPU
		{DBDD4275-CE07-4192-BAEE-C4B8A15B502E}.Debug|ARM.Build.0 = Debug|Any CPU
		{DBDD4275-CE07-4192-BAEE-C4B8A15B502E}.Debug|ARM.Deploy.0 = Debug|Any CPU
		{DBDD4275-CE07-4192-BAEE-C4B8A15B502E}.Debug|iPhone.ActiveCfg = Debug|Any CPU
		{DBDD4275-CE07-4192-BAEE-C4B8A15B502E}.Debug|iPhone.Build.0 = Debug|Any CPU
		{DBDD4275-CE07-4192-BAEE-C4B8A15B502E}.Debug|iPhone.Deploy.0 = Debug|Any CPU
		{DBDD4275-CE07-4192-BAEE-C4B8A15B502E}.Debug|iPhoneSimulator.ActiveCfg = Debug|Any CPU
		{DBDD4275-CE07-4192-BAEE-C4B8A15B502E}.Debug|iPhoneSimulator.Build.0 = Debug|Any CPU
		{DBDD4275-CE07-4192-BAEE-C4B8A15B502E}.Debug|iPhoneSimulator.Deploy.0 = Debug|Any CPU
		{DBDD4275-CE07-4192-BAEE-C4B8A15B502E}.Debug|x64.ActiveCfg = Debug|Any CPU
		{DBDD4275-CE07-4192-BAEE-C4B8A15B502E}.Debug|x64.Build.0 = Debug|Any CPU
		{DBDD4275-CE07-4192-BAEE-C4B8A15B502E}.Debug|x64.Deploy.0 = Debug|Any CPU
		{DBDD4275-CE07-4192-BAEE-C4B8A15B502E}.Debug|x86.ActiveCfg = Debug|Any CPU
		{DBDD4275-CE07-4192-BAEE-C4B8A15B502E}.Debug|x86.Build.0 = Debug|Any CPU
		{DBDD4275-CE07-4192-BAEE-C4B8A15B502E}.Debug|x86.Deploy.0 = Debug|Any CPU
		{DBDD4275-CE07-4192-BAEE-C4B8A15B502E}.Release|Any CPU.ActiveCfg = Release|Any CPU
		{DBDD4275-CE07-4192-BAEE-C4B8A15B502E}.Release|Any CPU.Build.0 = Release|Any CPU
		{DBDD4275-CE07-4192-BAEE-C4B8A15B502E}.Release|Any CPU.Deploy.0 = Release|Any CPU
		{DBDD4275-CE07-4192-BAEE-C4B8A15B502E}.Release|ARM.ActiveCfg = Release|Any CPU
		{DBDD4275-CE07-4192-BAEE-C4B8A15B502E}.Release|ARM.Build.0 = Release|Any CPU
		{DBDD4275-CE07-4192-BAEE-C4B8A15B502E}.Release|ARM.Deploy.0 = Release|Any CPU
		{DBDD4275-CE07-4192-BAEE-C4B8A15B502E}.Release|iPhone.ActiveCfg = Release|Any CPU
		{DBDD4275-CE07-4192-BAEE-C4B8A15B502E}.Release|iPhone.Build.0 = Release|Any CPU
		{DBDD4275-CE07-4192-BAEE-C4B8A15B502E}.Release|iPhone.Deploy.0 = Release|Any CPU
		{DBDD4275-CE07-4192-BAEE-C4B8A15B502E}.Release|iPhoneSimulator.ActiveCfg = Release|Any CPU
		{DBDD4275-CE07-4192-BAEE-C4B8A15B502E}.Release|iPhoneSimulator.Build.0 = Release|Any CPU
		{DBDD4275-CE07-4192-BAEE-C4B8A15B502E}.Release|iPhoneSimulator.Deploy.0 = Release|Any CPU
		{DBDD4275-CE07-4192-BAEE-C4B8A15B502E}.Release|x64.ActiveCfg = Release|Any CPU
		{DBDD4275-CE07-4192-BAEE-C4B8A15B502E}.Release|x64.Build.0 = Release|Any CPU
		{DBDD4275-CE07-4192-BAEE-C4B8A15B502E}.Release|x64.Deploy.0 = Release|Any CPU
		{DBDD4275-CE07-4192-BAEE-C4B8A15B502E}.Release|x86.ActiveCfg = Release|Any CPU
		{DBDD4275-CE07-4192-BAEE-C4B8A15B502E}.Release|x86.Build.0 = Release|Any CPU
		{DBDD4275-CE07-4192-BAEE-C4B8A15B502E}.Release|x86.Deploy.0 = Release|Any CPU
	EndGlobalSection
	GlobalSection(SolutionProperties) = preSolution
		HideSolutionNode = FALSE
	EndGlobalSection
	GlobalSection(ExtensibilityGlobals) = postSolution
		SolutionGuid = {830FD30B-B185-411D-B938-7C8707FBCDE6}
	EndGlobalSection
EndGlobal
